{
  "nodes": {
    "chrome-pwa": {
      "inputs": {
        "nixpkgs": "nixpkgs"
      },
      "locked": {
        "lastModified": 1662039232,
        "narHash": "sha256-hzEjp/ENDpdAqHPfZL6w0ugMxidgOSPTA4K5TNjLvWA=",
        "owner": "Luis-Hebendanz",
        "repo": "nixos-chrome-pwa",
        "rev": "2b4cab0dde278b40d3774c87ef18074cb1b9707f",
        "type": "github"
      },
      "original": {
        "owner": "Luis-Hebendanz",
        "repo": "nixos-chrome-pwa",
        "type": "github"
      }
    },
    "nix-index-database": {
      "locked": {
        "lastModified": 1667104866,
        "narHash": "sha256-n8O2V1WcM9OdcFXmNt4NPFqvgzD/jCuOD2G1ws/eMQQ=",
        "owner": "Mic92",
        "repo": "nix-index-database",
        "rev": "ea486da730d4c2feff9269124f8ff0d0757e8a39",
        "type": "github"
      },
      "original": {
        "owner": "Mic92",
        "repo": "nix-index-database",
        "type": "github"
      }
    },
    "nixpkgs": {
      "locked": {
        "lastModified": 1655361562,
        "narHash": "sha256-chPaIIhmdL6jdZWpf/K6yQCsuBNOYuMqbJsNpLfrdTE=",
        "owner": "NixOS",
        "repo": "nixpkgs",
        "rev": "0b59d075675dc28bf9ebab466033280096c8d4fe",
        "type": "github"
      },
      "original": {
        "id": "nixpkgs",
        "type": "indirect"
      }
    },
    "nixpkgs_2": {
      "locked": {
        "lastModified": 1667231093,
        "narHash": "sha256-RERXruzBEBuf0c7OfZeX1hxEKB+PTCUNxWeB6C1jd8Y=",
        "owner": "NixOS",
        "repo": "nixpkgs",
        "rev": "d40fea9aeb8840fea0d377baa4b38e39b9582458",
        "type": "github"
      },
      "original": {
        "owner": "NixOS",
        "ref": "nixos-unstable",
        "repo": "nixpkgs",
        "type": "github"
      }
    },
    "nur": {
      "locked": {
        "lastModified": 1667496346,
        "narHash": "sha256-n0bHzcQ/sx+E96FumgF2OeT6bbTendRDtmQHijTrQg0=",
        "owner": "nix-community",
        "repo": "NUR",
        "rev": "04d9c7bd3c4a2ce32f44cc970cc3e03d5a4aa334",
        "type": "github"
      },
      "original": {
        "owner": "nix-community",
        "repo": "NUR",
        "type": "github"
      }
    },
    "root": {
      "inputs": {
        "chrome-pwa": "chrome-pwa",
        "nix-index-database": "nix-index-database",
        "nixpkgs": "nixpkgs_2",
        "nur": "nur"
      }
    }
  },
  "root": "root",
  "version": 7
}
